
Microsoft Visual Studio Solution File, Format Version 12.00
# Visual Studio 15
VisualStudioVersion = 15.0.26730.12
MinimumVisualStudioVersion = 10.0.40219.1
Project("{FAE04EC0-301F-11D3-BF4B-00C04F79EFBC}") = "XF.Enviar.Android", "XF.Enviar\XF.Enviar.Android\XF.Enviar.Android.csproj", "{DCE5B801-768B-4400-AA27-B08D1916C672}"
EndProject
Project("{FAE04EC0-301F-11D3-BF4B-00C04F79EFBC}") = "XF.Enviar", "XF.Enviar\XF.Enviar\XF.Enviar.csproj", "{DA9F1E3B-3BD1-4B99-83B6-D301D0622FC8}"
EndProject
Project("{FAE04EC0-301F-11D3-BF4B-00C04F79EFBC}") = "XF.Enviar.UWP", "XF.Enviar\XF.Enviar.UWP\XF.Enviar.UWP.csproj", "{A6027DE4-C3CD-4B5B-B9DE-13DF4785D058}"
EndProject
Project("{FAE04EC0-301F-11D3-BF4B-00C04F79EFBC}") = "XF.Enviar.iOS", "XF.Enviar\XF.Enviar.iOS\XF.Enviar.iOS.csproj", "{7A83313E-090A-4613-8F76-32FA48623222}"
EndProject
Global
	GlobalSection(SolutionConfigurationPlatforms) = preSolution
		Ad-Hoc|Any CPU = Ad-Hoc|Any CPU
		Ad-Hoc|ARM = Ad-Hoc|ARM
		Ad-Hoc|iPhone = Ad-Hoc|iPhone
		Ad-Hoc|iPhoneSimulator = Ad-Hoc|iPhoneSimulator
		Ad-Hoc|x64 = Ad-Hoc|x64
		Ad-Hoc|x86 = Ad-Hoc|x86
		AppStore|Any CPU = AppStore|Any CPU
		AppStore|ARM = AppStore|ARM
		AppStore|iPhone = AppStore|iPhone
		AppStore|iPhoneSimulator = AppStore|iPhoneSimulator
		AppStore|x64 = AppStore|x64
		AppStore|x86 = AppStore|x86
		Debug|Any CPU = Debug|Any CPU
		Debug|ARM = Debug|ARM
		Debug|iPhone = Debug|iPhone
		Debug|iPhoneSimulator = Debug|iPhoneSimulator
		Debug|x64 = Debug|x64
		Debug|x86 = Debug|x86
		Release|Any CPU = Release|Any CPU
		Release|ARM = Release|ARM
		Release|iPhone = Release|iPhone
		Release|iPhoneSimulator = Release|iPhoneSimulator
		Release|x64 = Release|x64
		Release|x86 = Release|x86
	EndGlobalSection
	GlobalSection(ProjectConfigurationPlatforms) = postSolution
		{DCE5B801-768B-4400-AA27-B08D1916C672}.Ad-Hoc|Any CPU.ActiveCfg = Release|Any CPU
		{DCE5B801-768B-4400-AA27-B08D1916C672}.Ad-Hoc|Any CPU.Build.0 = Release|Any CPU
		{DCE5B801-768B-4400-AA27-B08D1916C672}.Ad-Hoc|Any CPU.Deploy.0 = Release|Any CPU
		{DCE5B801-768B-4400-AA27-B08D1916C672}.Ad-Hoc|ARM.ActiveCfg = Release|Any CPU
		{DCE5B801-768B-4400-AA27-B08D1916C672}.Ad-Hoc|ARM.Build.0 = Release|Any CPU
		{DCE5B801-768B-4400-AA27-B08D1916C672}.Ad-Hoc|ARM.Deploy.0 = Release|Any CPU
		{DCE5B801-768B-4400-AA27-B08D1916C672}.Ad-Hoc|iPhone.ActiveCfg = Release|Any CPU
		{DCE5B801-768B-4400-AA27-B08D1916C672}.Ad-Hoc|iPhone.Build.0 = Release|Any CPU
		{DCE5B801-768B-4400-AA27-B08D1916C672}.Ad-Hoc|iPhone.Deploy.0 = Release|Any CPU
		{DCE5B801-768B-4400-AA27-B08D1916C672}.Ad-Hoc|iPhoneSimulator.ActiveCfg = Release|Any CPU
		{DCE5B801-768B-4400-AA27-B08D1916C672}.Ad-Hoc|iPhoneSimulator.Build.0 = Release|Any CPU
		{DCE5B801-768B-4400-AA27-B08D1916C672}.Ad-Hoc|iPhoneSimulator.Deploy.0 = Release|Any CPU
		{DCE5B801-768B-4400-AA27-B08D1916C672}.Ad-Hoc|x64.ActiveCfg = Release|Any CPU
		{DCE5B801-768B-4400-AA27-B08D1916C672}.Ad-Hoc|x64.Build.0 = Release|Any CPU
		{DCE5B801-768B-4400-AA27-B08D1916C672}.Ad-Hoc|x64.Deploy.0 = Release|Any CPU
		{DCE5B801-768B-4400-AA27-B08D1916C672}.Ad-Hoc|x86.ActiveCfg = Release|Any CPU
		{DCE5B801-768B-4400-AA27-B08D1916C672}.Ad-Hoc|x86.Build.0 = Release|Any CPU
		{DCE5B801-768B-4400-AA27-B08D1916C672}.Ad-Hoc|x86.Deploy.0 = Release|Any CPU
		{DCE5B801-768B-4400-AA27-B08D1916C672}.AppStore|Any CPU.ActiveCfg = Release|Any CPU
		{DCE5B801-768B-4400-AA27-B08D1916C672}.AppStore|Any CPU.Build.0 = Release|Any CPU
		{DCE5B801-768B-4400-AA27-B08D1916C672}.AppStore|Any CPU.Deploy.0 = Release|Any CPU
		{DCE5B801-768B-4400-AA27-B08D1916C672}.AppStore|ARM.ActiveCfg = Release|Any CPU
		{DCE5B801-768B-4400-AA27-B08D1916C672}.AppStore|ARM.Build.0 = Release|Any CPU
		{DCE5B801-768B-4400-AA27-B08D1916C672}.AppStore|ARM.Deploy.0 = Release|Any CPU
		{DCE5B801-768B-4400-AA27-B08D1916C672}.AppStore|iPhone.ActiveCfg = Release|Any CPU
		{DCE5B801-768B-4400-AA27-B08D1916C672}.AppStore|iPhone.Build.0 = Release|Any CPU
		{DCE5B801-768B-4400-AA27-B08D1916C672}.AppStore|iPhone.Deploy.0 = Release|Any CPU
		{DCE5B801-768B-4400-AA27-B08D1916C672}.AppStore|iPhoneSimulator.ActiveCfg = Release|Any CPU
		{DCE5B801-768B-4400-AA27-B08D1916C672}.AppStore|iPhoneSimulator.Build.0 = Release|Any CPU
		{DCE5B801-768B-4400-AA27-B08D1916C672}.AppStore|iPhoneSimulator.Deploy.0 = Release|Any CPU
		{DCE5B801-768B-4400-AA27-B08D1916C672}.AppStore|x64.ActiveCfg = Release|Any CPU
		{DCE5B801-768B-4400-AA27-B08D1916C672}.AppStore|x64.Build.0 = Release|Any CPU
		{DCE5B801-768B-4400-AA27-B08D1916C672}.AppStore|x64.Deploy.0 = Release|Any CPU
		{DCE5B801-768B-4400-AA27-B08D1916C672}.AppStore|x86.ActiveCfg = Release|Any CPU
		{DCE5B801-768B-4400-AA27-B08D1916C672}.AppStore|x86.Build.0 = Release|Any CPU
		{DCE5B801-768B-4400-AA27-B08D1916C672}.AppStore|x86.Deploy.0 = Release|Any CPU
		{DCE5B801-768B-4400-AA27-B08D1916C672}.Debug|Any CPU.ActiveCfg = Debug|Any CPU
		{DCE5B801-768B-4400-AA27-B08D1916C672}.Debug|Any CPU.Build.0 = Debug|Any CPU
		{DCE5B801-768B-4400-AA27-B08D1916C672}.Debug|Any CPU.Deploy.0 = Debug|Any CPU
		{DCE5B801-768B-4400-AA27-B08D1916C672}.Debug|ARM.ActiveCfg = Debug|Any CPU
		{DCE5B801-768B-4400-AA27-B08D1916C672}.Debug|ARM.Build.0 = Debug|Any CPU
		{DCE5B801-768B-4400-AA27-B08D1916C672}.Debug|ARM.Deploy.0 = Debug|Any CPU
		{DCE5B801-768B-4400-AA27-B08D1916C672}.Debug|iPhone.ActiveCfg = Debug|Any CPU
		{DCE5B801-768B-4400-AA27-B08D1916C672}.Debug|iPhone.Build.0 = Debug|Any CPU
		{DCE5B801-768B-4400-AA27-B08D1916C672}.Debug|iPhone.Deploy.0 = Debug|Any CPU
		{DCE5B801-768B-4400-AA27-B08D1916C672}.Debug|iPhoneSimulator.ActiveCfg = Debug|Any CPU
		{DCE5B801-768B-4400-AA27-B08D1916C672}.Debug|iPhoneSimulator.Build.0 = Debug|Any CPU
		{DCE5B801-768B-4400-AA27-B08D1916C672}.Debug|iPhoneSimulator.Deploy.0 = Debug|Any CPU
		{DCE5B801-768B-4400-AA27-B08D1916C672}.Debug|x64.ActiveCfg = Debug|Any CPU
		{DCE5B801-768B-4400-AA27-B08D1916C672}.Debug|x64.Build.0 = Debug|Any CPU
		{DCE5B801-768B-4400-AA27-B08D1916C672}.Debug|x64.Deploy.0 = Debug|Any CPU
		{DCE5B801-768B-4400-AA27-B08D1916C672}.Debug|x86.ActiveCfg = Debug|Any CPU
		{DCE5B801-768B-4400-AA27-B08D1916C672}.Debug|x86.Build.0 = Debug|Any CPU
		{DCE5B801-768B-4400-AA27-B08D1916C672}.Debug|x86.Deploy.0 = Debug|Any CPU
		{DCE5B801-768B-4400-AA27-B08D1916C672}.Release|Any CPU.ActiveCfg = Release|Any CPU
		{DCE5B801-768B-4400-AA27-B08D1916C672}.Release|Any CPU.Build.0 = Release|Any CPU
		{DCE5B801-768B-4400-AA27-B08D1916C672}.Release|Any CPU.Deploy.0 = Release|Any CPU
		{DCE5B801-768B-4400-AA27-B08D1916C672}.Release|ARM.ActiveCfg = Release|Any CPU
		{DCE5B801-768B-4400-AA27-B08D1916C672}.Release|ARM.Build.0 = Release|Any CPU
		{DCE5B801-768B-4400-AA27-B08D1916C672}.Release|ARM.Deploy.0 = Release|Any CPU
		{DCE5B801-768B-4400-AA27-B08D1916C672}.Release|iPhone.ActiveCfg = Release|Any CPU
		{DCE5B801-768B-4400-AA27-B08D1916C672}.Release|iPhone.Build.0 = Release|Any CPU
		{DCE5B801-768B-4400-AA27-B08D1916C672}.Release|iPhone.Deploy.0 = Release|Any CPU
		{DCE5B801-768B-4400-AA27-B08D1916C672}.Release|iPhoneSimulator.ActiveCfg = Release|Any CPU
		{DCE5B801-768B-4400-AA27-B08D1916C672}.Release|iPhoneSimulator.Build.0 = Release|Any CPU
		{DCE5B801-768B-4400-AA27-B08D1916C672}.Release|iPhoneSimulator.Deploy.0 = Release|Any CPU
		{DCE5B801-768B-4400-AA27-B08D1916C672}.Release|x64.ActiveCfg = Release|Any CPU
		{DCE5B801-768B-4400-AA27-B08D1916C672}.Release|x64.Build.0 = Release|Any CPU
		{DCE5B801-768B-4400-AA27-B08D1916C672}.Release|x64.Deploy.0 = Release|Any CPU
		{DCE5B801-768B-4400-AA27-B08D1916C672}.Release|x86.ActiveCfg = Release|Any CPU
		{DCE5B801-768B-4400-AA27-B08D1916C672}.Release|x86.Build.0 = Release|Any CPU
		{DCE5B801-768B-4400-AA27-B08D1916C672}.Release|x86.Deploy.0 = Release|Any CPU
		{DA9F1E3B-3BD1-4B99-83B6-D301D0622FC8}.Ad-Hoc|Any CPU.ActiveCfg = Release|Any CPU
		{DA9F1E3B-3BD1-4B99-83B6-D301D0622FC8}.Ad-Hoc|Any CPU.Build.0 = Release|Any CPU
		{DA9F1E3B-3BD1-4B99-83B6-D301D0622FC8}.Ad-Hoc|ARM.ActiveCfg = Release|Any CPU
		{DA9F1E3B-3BD1-4B99-83B6-D301D0622FC8}.Ad-Hoc|ARM.Build.0 = Release|Any CPU
		{DA9F1E3B-3BD1-4B99-83B6-D301D0622FC8}.Ad-Hoc|iPhone.ActiveCfg = Release|Any CPU
		{DA9F1E3B-3BD1-4B99-83B6-D301D0622FC8}.Ad-Hoc|iPhone.Build.0 = Release|Any CPU
		{DA9F1E3B-3BD1-4B99-83B6-D301D0622FC8}.Ad-Hoc|iPhoneSimulator.ActiveCfg = Release|Any CPU
		{DA9F1E3B-3BD1-4B99-83B6-D301D0622FC8}.Ad-Hoc|iPhoneSimulator.Build.0 = Release|Any CPU
		{DA9F1E3B-3BD1-4B99-83B6-D301D0622FC8}.Ad-Hoc|x64.ActiveCfg = Release|Any CPU
		{DA9F1E3B-3BD1-4B99-83B6-D301D0622FC8}.Ad-Hoc|x64.Build.0 = Release|Any CPU
		{DA9F1E3B-3BD1-4B99-83B6-D301D0622FC8}.Ad-Hoc|x86.ActiveCfg = Release|Any CPU
		{DA9F1E3B-3BD1-4B99-83B6-D301D0622FC8}.Ad-Hoc|x86.Build.0 = Release|Any CPU
		{DA9F1E3B-3BD1-4B99-83B6-D301D0622FC8}.AppStore|Any CPU.ActiveCfg = Release|Any CPU
		{DA9F1E3B-3BD1-4B99-83B6-D301D0622FC8}.AppStore|Any CPU.Build.0 = Release|Any CPU
		{DA9F1E3B-3BD1-4B99-83B6-D301D0622FC8}.AppStore|ARM.ActiveCfg = Release|Any CPU
		{DA9F1E3B-3BD1-4B99-83B6-D301D0622FC8}.AppStore|ARM.Build.0 = Release|Any CPU
		{DA9F1E3B-3BD1-4B99-83B6-D301D0622FC8}.AppStore|iPhone.ActiveCfg = Release|Any CPU
		{DA9F1E3B-3BD1-4B99-83B6-D301D0622FC8}.AppStore|iPhone.Build.0 = Release|Any CPU
		{DA9F1E3B-3BD1-4B99-83B6-D301D0622FC8}.AppStore|iPhoneSimulator.ActiveCfg = Release|Any CPU
		{DA9F1E3B-3BD1-4B99-83B6-D301D0622FC8}.AppStore|iPhoneSimulator.Build.0 = Release|Any CPU
		{DA9F1E3B-3BD1-4B99-83B6-D301D0622FC8}.AppStore|x64.ActiveCfg = Release|Any CPU
		{DA9F1E3B-3BD1-4B99-83B6-D301D0622FC8}.AppStore|x64.Build.0 = Release|Any CPU
		{DA9F1E3B-3BD1-4B99-83B6-D301D0622FC8}.AppStore|x86.ActiveCfg = Release|Any CPU
		{DA9F1E3B-3BD1-4B99-83B6-D301D0622FC8}.AppStore|x86.Build.0 = Release|Any CPU
		{DA9F1E3B-3BD1-4B99-83B6-D301D0622FC8}.Debug|Any CPU.ActiveCfg = Debug|Any CPU
		{DA9F1E3B-3BD1-4B99-83B6-D301D0622FC8}.Debug|Any CPU.Build.0 = Debug|Any CPU
		{DA9F1E3B-3BD1-4B99-83B6-D301D0622FC8}.Debug|ARM.ActiveCfg = Debug|Any CPU
		{DA9F1E3B-3BD1-4B99-83B6-D301D0622FC8}.Debug|ARM.Build.0 = Debug|Any CPU
		{DA9F1E3B-3BD1-4B99-83B6-D301D0622FC8}.Debug|iPhone.ActiveCfg = Debug|Any CPU
		{DA9F1E3B-3BD1-4B99-83B6-D301D0622FC8}.Debug|iPhone.Build.0 = Debug|Any CPU
		{DA9F1E3B-3BD1-4B99-83B6-D301D0622FC8}.Debug|iPhoneSimulator.ActiveCfg = Debug|Any CPU
		{DA9F1E3B-3BD1-4B99-83B6-D301D0622FC8}.Debug|iPhoneSimulator.Build.0 = Debug|Any CPU
		{DA9F1E3B-3BD1-4B99-83B6-D301D0622FC8}.Debug|x64.ActiveCfg = Debug|Any CPU
		{DA9F1E3B-3BD1-4B99-83B6-D301D0622FC8}.Debug|x64.Build.0 = Debug|Any CPU
		{DA9F1E3B-3BD1-4B99-83B6-D301D0622FC8}.Debug|x86.ActiveCfg = Debug|Any CPU
		{DA9F1E3B-3BD1-4B99-83B6-D301D0622FC8}.Debug|x86.Build.0 = Debug|Any CPU
		{DA9F1E3B-3BD1-4B99-83B6-D301D0622FC8}.Release|Any CPU.ActiveCfg = Release|Any CPU
		{DA9F1E3B-3BD1-4B99-83B6-D301D0622FC8}.Release|Any CPU.Build.0 = Release|Any CPU
		{DA9F1E3B-3BD1-4B99-83B6-D301D0622FC8}.Release|ARM.ActiveCfg = Release|Any CPU
		{DA9F1E3B-3BD1-4B99-83B6-D301D0622FC8}.Release|ARM.Build.0 = Release|Any CPU
		{DA9F1E3B-3BD1-4B99-83B6-D301D0622FC8}.Release|iPhone.ActiveCfg = Release|Any CPU
		{DA9F1E3B-3BD1-4B99-83B6-D301D0622FC8}.Release|iPhone.Build.0 = Release|Any CPU
		{DA9F1E3B-3BD1-4B99-83B6-D301D0622FC8}.Release|iPhoneSimulator.ActiveCfg = Release|Any CPU
		{DA9F1E3B-3BD1-4B99-83B6-D301D0622FC8}.Release|iPhoneSimulator.Build.0 = Release|Any CPU
		{DA9F1E3B-3BD1-4B99-83B6-D301D0622FC8}.Release|x64.ActiveCfg = Release|Any CPU
		{DA9F1E3B-3BD1-4B99-83B6-D301D0622FC8}.Release|x64.Build.0 = Release|Any CPU
		{DA9F1E3B-3BD1-4B99-83B6-D301D0622FC8}.Release|x86.ActiveCfg = Release|Any CPU
		{DA9F1E3B-3BD1-4B99-83B6-D301D0622FC8}.Release|x86.Build.0 = Release|Any CPU
		{A6027DE4-C3CD-4B5B-B9DE-13DF4785D058}.Ad-Hoc|Any CPU.ActiveCfg = Release|x86
		{A6027DE4-C3CD-4B5B-B9DE-13DF4785D058}.Ad-Hoc|Any CPU.Build.0 = Release|x86
		{A6027DE4-C3CD-4B5B-B9DE-13DF4785D058}.Ad-Hoc|Any CPU.Deploy.0 = Release|x86
		{A6027DE4-C3CD-4B5B-B9DE-13DF4785D058}.Ad-Hoc|ARM.ActiveCfg = Release|ARM
		{A6027DE4-C3CD-4B5B-B9DE-13DF4785D058}.Ad-Hoc|ARM.Build.0 = Release|ARM
		{A6027DE4-C3CD-4B5B-B9DE-13DF4785D058}.Ad-Hoc|ARM.Deploy.0 = Release|ARM
		{A6027DE4-C3CD-4B5B-B9DE-13DF4785D058}.Ad-Hoc|iPhone.ActiveCfg = Release|x86
		{A6027DE4-C3CD-4B5B-B9DE-13DF4785D058}.Ad-Hoc|iPhone.Build.0 = Release|x86
		{A6027DE4-C3CD-4B5B-B9DE-13DF4785D058}.Ad-Hoc|iPhone.Deploy.0 = Release|x86
		{A6027DE4-C3CD-4B5B-B9DE-13DF4785D058}.Ad-Hoc|iPhoneSimulator.ActiveCfg = Release|x86
		{A6027DE4-C3CD-4B5B-B9DE-13DF4785D058}.Ad-Hoc|iPhoneSimulator.Build.0 = Release|x86
		{A6027DE4-C3CD-4B5B-B9DE-13DF4785D058}.Ad-Hoc|iPhoneSimulator.Deploy.0 = Release|x86
		{A6027DE4-C3CD-4B5B-B9DE-13DF4785D058}.Ad-Hoc|x64.ActiveCfg = Release|x64
		{A6027DE4-C3CD-4B5B-B9DE-13DF4785D058}.Ad-Hoc|x64.Build.0 = Release|x64
		{A6027DE4-C3CD-4B5B-B9DE-13DF4785D058}.Ad-Hoc|x64.Deploy.0 = Release|x64
		{A6027DE4-C3CD-4B5B-B9DE-13DF4785D058}.Ad-Hoc|x86.ActiveCfg = Release|x86
		{A6027DE4-C3CD-4B5B-B9DE-13DF4785D058}.Ad-Hoc|x86.Build.0 = Release|x86
		{A6027DE4-C3CD-4B5B-B9DE-13DF4785D058}.Ad-Hoc|x86.Deploy.0 = Release|x86
		{A6027DE4-C3CD-4B5B-B9DE-13DF4785D058}.AppStore|Any CPU.ActiveCfg = Release|x86
		{A6027DE4-C3CD-4B5B-B9DE-13DF4785D058}.AppStore|Any CPU.Build.0 = Release|x86
		{A6027DE4-C3CD-4B5B-B9DE-13DF4785D058}.AppStore|Any CPU.Deploy.0 = Release|x86
		{A6027DE4-C3CD-4B5B-B9DE-13DF4785D058}.AppStore|ARM.ActiveCfg = Release|ARM
		{A6027DE4-C3CD-4B5B-B9DE-13DF4785D058}.AppStore|ARM.Build.0 = Release|ARM
		{A6027DE4-C3CD-4B5B-B9DE-13DF4785D058}.AppStore|ARM.Deploy.0 = Release|ARM
		{A6027DE4-C3CD-4B5B-B9DE-13DF4785D058}.AppStore|iPhone.ActiveCfg = Release|x86
		{A6027DE4-C3CD-4B5B-B9DE-13DF4785D058}.AppStore|iPhone.Build.0 = Release|x86
		{A6027DE4-C3CD-4B5B-B9DE-13DF4785D058}.AppStore|iPhone.Deploy.0 = Release|x86
		{A6027DE4-C3CD-4B5B-B9DE-13DF4785D058}.AppStore|iPhoneSimulator.ActiveCfg = Release|x86
		{A6027DE4-C3CD-4B5B-B9DE-13DF4785D058}.AppStore|iPhoneSimulator.Build.0 = Release|x86
		{A6027DE4-C3CD-4B5B-B9DE-13DF4785D058}.AppStore|iPhoneSimulator.Deploy.0 = Release|x86
		{A6027DE4-C3CD-4B5B-B9DE-13DF4785D058}.AppStore|x64.ActiveCfg = Release|x64
		{A6027DE4-C3CD-4B5B-B9DE-13DF4785D058}.AppStore|x64.Build.0 = Release|x64
		{A6027DE4-C3CD-4B5B-B9DE-13DF4785D058}.AppStore|x64.Deploy.0 = Release|x64
		{A6027DE4-C3CD-4B5B-B9DE-13DF4785D058}.AppStore|x86.ActiveCfg = Release|x86
		{A6027DE4-C3CD-4B5B-B9DE-13DF4785D058}.AppStore|x86.Build.0 = Release|x86
		{A6027DE4-C3CD-4B5B-B9DE-13DF4785D058}.AppStore|x86.Deploy.0 = Release|x86
		{A6027DE4-C3CD-4B5B-B9DE-13DF4785D058}.Debug|Any CPU.ActiveCfg = Debug|x86
		{A6027DE4-C3CD-4B5B-B9DE-13DF4785D058}.Debug|ARM.ActiveCfg = Debug|ARM
		{A6027DE4-C3CD-4B5B-B9DE-13DF4785D058}.Debug|ARM.Build.0 = Debug|ARM
		{A6027DE4-C3CD-4B5B-B9DE-13DF4785D058}.Debug|ARM.Deploy.0 = Debug|ARM
		{A6027DE4-C3CD-4B5B-B9DE-13DF4785D058}.Debug|iPhone.ActiveCfg = Debug|x86
		{A6027DE4-C3CD-4B5B-B9DE-13DF4785D058}.Debug|iPhoneSimulator.ActiveCfg = Debug|x86
		{A6027DE4-C3CD-4B5B-B9DE-13DF4785D058}.Debug|x64.ActiveCfg = Debug|x64
		{A6027DE4-C3CD-4B5B-B9DE-13DF4785D058}.Debug|x64.Build.0 = Debug|x64
		{A6027DE4-C3CD-4B5B-B9DE-13DF4785D058}.Debug|x64.Deploy.0 = Debug|x64
		{A6027DE4-C3CD-4B5B-B9DE-13DF4785D058}.Debug|x86.ActiveCfg = Debug|x86
		{A6027DE4-C3CD-4B5B-B9DE-13DF4785D058}.Debug|x86.Build.0 = Debug|x86
		{A6027DE4-C3CD-4B5B-B9DE-13DF4785D058}.Debug|x86.Deploy.0 = Debug|x86
		{A6027DE4-C3CD-4B5B-B9DE-13DF4785D058}.Release|Any CPU.ActiveCfg = Release|x86
		{A6027DE4-C3CD-4B5B-B9DE-13DF4785D058}.Release|ARM.ActiveCfg = Release|ARM
		{A6027DE4-C3CD-4B5B-B9DE-13DF4785D058}.Release|ARM.Build.0 = Release|ARM
		{A6027DE4-C3CD-4B5B-B9DE-13DF4785D058}.Release|ARM.Deploy.0 = Release|ARM
		{A6027DE4-C3CD-4B5B-B9DE-13DF4785D058}.Release|iPhone.ActiveCfg = Release|x86
		{A6027DE4-C3CD-4B5B-B9DE-13DF4785D058}.Release|iPhoneSimulator.ActiveCfg = Release|x86
		{A6027DE4-C3CD-4B5B-B9DE-13DF4785D058}.Release|x64.ActiveCfg = Release|x64
		{A6027DE4-C3CD-4B5B-B9DE-13DF4785D058}.Release|x64.Build.0 = Release|x64
		{A6027DE4-C3CD-4B5B-B9DE-13DF4785D058}.Release|x64.Deploy.0 = Release|x64
		{A6027DE4-C3CD-4B5B-B9DE-13DF4785D058}.Release|x86.ActiveCfg = Release|x86
		{A6027DE4-C3CD-4B5B-B9DE-13DF4785D058}.Release|x86.Build.0 = Release|x86
		{A6027DE4-C3CD-4B5B-B9DE-13DF4785D058}.Release|x86.Deploy.0 = Release|x86
		{7A83313E-090A-4613-8F76-32FA48623222}.Ad-Hoc|Any CPU.ActiveCfg = Ad-Hoc|iPhone
		{7A83313E-090A-4613-8F76-32FA48623222}.Ad-Hoc|ARM.ActiveCfg = Ad-Hoc|iPhone
		{7A83313E-090A-4613-8F76-32FA48623222}.Ad-Hoc|iPhone.ActiveCfg = Ad-Hoc|iPhone
		{7A83313E-090A-4613-8F76-32FA48623222}.Ad-Hoc|iPhone.Build.0 = Ad-Hoc|iPhone
		{7A83313E-090A-4613-8F76-32FA48623222}.Ad-Hoc|iPhoneSimulator.ActiveCfg = Ad-Hoc|iPhoneSimulator
		{7A83313E-090A-4613-8F76-32FA48623222}.Ad-Hoc|iPhoneSimulator.Build.0 = Ad-Hoc|iPhoneSimulator
		{7A83313E-090A-4613-8F76-32FA48623222}.Ad-Hoc|x64.ActiveCfg = Ad-Hoc|iPhone
		{7A83313E-090A-4613-8F76-32FA48623222}.Ad-Hoc|x86.ActiveCfg = Ad-Hoc|iPhone
		{7A83313E-090A-4613-8F76-32FA48623222}.AppStore|Any CPU.ActiveCfg = AppStore|iPhone
		{7A83313E-090A-4613-8F76-32FA48623222}.AppStore|ARM.ActiveCfg = AppStore|iPhone
		{7A83313E-090A-4613-8F76-32FA48623222}.AppStore|iPhone.ActiveCfg = AppStore|iPhone
		{7A83313E-090A-4613-8F76-32FA48623222}.AppStore|iPhone.Build.0 = AppStore|iPhone
		{7A83313E-090A-4613-8F76-32FA48623222}.AppStore|iPhoneSimulator.ActiveCfg = AppStore|iPhoneSimulator
		{7A83313E-090A-4613-8F76-32FA48623222}.AppStore|iPhoneSimulator.Build.0 = AppStore|iPhoneSimulator
		{7A83313E-090A-4613-8F76-32FA48623222}.AppStore|x64.ActiveCfg = AppStore|iPhone
		{7A83313E-090A-4613-8F76-32FA48623222}.AppStore|x86.ActiveCfg = AppStore|iPhone
		{7A83313E-090A-4613-8F76-32FA48623222}.Debug|Any CPU.ActiveCfg = Debug|iPhone
		{7A83313E-090A-4613-8F76-32FA48623222}.Debug|ARM.ActiveCfg = Debug|iPhone
		{7A83313E-090A-4613-8F76-32FA48623222}.Debug|iPhone.ActiveCfg = Debug|iPhone
		{7A83313E-090A-4613-8F76-32FA48623222}.Debug|iPhone.Build.0 = Debug|iPhone
		{7A83313E-090A-4613-8F76-32FA48623222}.Debug|iPhoneSimulator.ActiveCfg = Debug|iPhoneSimulator
		{7A83313E-090A-4613-8F76-32FA48623222}.Debug|iPhoneSimulator.Build.0 = Debug|iPhoneSimulator
		{7A83313E-090A-4613-8F76-32FA48623222}.Debug|x64.ActiveCfg = Debug|iPhone
		{7A83313E-090A-4613-8F76-32FA48623222}.Debug|x86.ActiveCfg = Debug|iPhone
		{7A83313E-090A-4613-8F76-32FA48623222}.Release|Any CPU.ActiveCfg = Release|iPhone
		{7A83313E-090A-4613-8F76-32FA48623222}.Release|ARM.ActiveCfg = Release|iPhone
		{7A83313E-090A-4613-8F76-32FA48623222}.Release|iPhone.ActiveCfg = Release|iPhone
		{7A83313E-090A-4613-8F76-32FA48623222}.Release|iPhone.Build.0 = Release|iPhone
		{7A83313E-090A-4613-8F76-32FA48623222}.Release|iPhoneSimulator.ActiveCfg = Release|iPhoneSimulator
		{7A83313E-090A-4613-8F76-32FA48623222}.Release|iPhoneSimulator.Build.0 = Release|iPhoneSimulator
		{7A83313E-090A-4613-8F76-32FA48623222}.Release|x64.ActiveCfg = Release|iPhone
		{7A83313E-090A-4613-8F76-32FA48623222}.Release|x86.ActiveCfg = Release|iPhone
	EndGlobalSection
	GlobalSection(SolutionProperties) = preSolution
		HideSolutionNode = FALSE
	EndGlobalSection
	GlobalSection(ExtensibilityGlobals) = postSolution
		SolutionGuid = {10CB7458-2DFF-4146-AF04-A198B04FBD3D}
	EndGlobalSection
EndGlobal
