
Microsoft Visual Studio Solution File, Format Version 12.00
# Visual Studio 15
VisualStudioVersion = 15.0.26730.12
MinimumVisualStudioVersion = 10.0.40219.1
Project("{FAE04EC0-301F-11D3-BF4B-00C04F79EFBC}") = "XF.Hello.Android", "XF.Hello\XF.Hello.Android\XF.Hello.Android.csproj", "{89FA3E48-08C8-4FB6-9F32-76C34B3C0293}"
EndProject
Project("{FAE04EC0-301F-11D3-BF4B-00C04F79EFBC}") = "XF.Hello", "XF.Hello\XF.Hello\XF.Hello.csproj", "{01D0BE18-EF76-4C4D-AC2B-41967BD3FFBE}"
EndProject
Project("{FAE04EC0-301F-11D3-BF4B-00C04F79EFBC}") = "XF.Hello.UWP", "XF.Hello\XF.Hello.UWP\XF.Hello.UWP.csproj", "{9592E3B2-094A-4068-A6E3-3D45984A5ECF}"
EndProject
Project("{FAE04EC0-301F-11D3-BF4B-00C04F79EFBC}") = "XF.Hello.iOS", "XF.Hello\XF.Hello.iOS\XF.Hello.iOS.csproj", "{69148710-F090-4785-A152-04279735F4A7}"
EndProject
Global
	GlobalSection(SolutionConfigurationPlatforms) = preSolution
		Ad-Hoc|Any CPU = Ad-Hoc|Any CPU
		Ad-Hoc|ARM = Ad-Hoc|ARM
		Ad-Hoc|iPhone = Ad-Hoc|iPhone
		Ad-Hoc|iPhoneSimulator = Ad-Hoc|iPhoneSimulator
		Ad-Hoc|x64 = Ad-Hoc|x64
		Ad-Hoc|x86 = Ad-Hoc|x86
		AppStore|Any CPU = AppStore|Any CPU
		AppStore|ARM = AppStore|ARM
		AppStore|iPhone = AppStore|iPhone
		AppStore|iPhoneSimulator = AppStore|iPhoneSimulator
		AppStore|x64 = AppStore|x64
		AppStore|x86 = AppStore|x86
		Debug|Any CPU = Debug|Any CPU
		Debug|ARM = Debug|ARM
		Debug|iPhone = Debug|iPhone
		Debug|iPhoneSimulator = Debug|iPhoneSimulator
		Debug|x64 = Debug|x64
		Debug|x86 = Debug|x86
		Release|Any CPU = Release|Any CPU
		Release|ARM = Release|ARM
		Release|iPhone = Release|iPhone
		Release|iPhoneSimulator = Release|iPhoneSimulator
		Release|x64 = Release|x64
		Release|x86 = Release|x86
	EndGlobalSection
	GlobalSection(ProjectConfigurationPlatforms) = postSolution
		{89FA3E48-08C8-4FB6-9F32-76C34B3C0293}.Ad-Hoc|Any CPU.ActiveCfg = Release|Any CPU
		{89FA3E48-08C8-4FB6-9F32-76C34B3C0293}.Ad-Hoc|Any CPU.Build.0 = Release|Any CPU
		{89FA3E48-08C8-4FB6-9F32-76C34B3C0293}.Ad-Hoc|Any CPU.Deploy.0 = Release|Any CPU
		{89FA3E48-08C8-4FB6-9F32-76C34B3C0293}.Ad-Hoc|ARM.ActiveCfg = Release|Any CPU
		{89FA3E48-08C8-4FB6-9F32-76C34B3C0293}.Ad-Hoc|ARM.Build.0 = Release|Any CPU
		{89FA3E48-08C8-4FB6-9F32-76C34B3C0293}.Ad-Hoc|ARM.Deploy.0 = Release|Any CPU
		{89FA3E48-08C8-4FB6-9F32-76C34B3C0293}.Ad-Hoc|iPhone.ActiveCfg = Release|Any CPU
		{89FA3E48-08C8-4FB6-9F32-76C34B3C0293}.Ad-Hoc|iPhone.Build.0 = Release|Any CPU
		{89FA3E48-08C8-4FB6-9F32-76C34B3C0293}.Ad-Hoc|iPhone.Deploy.0 = Release|Any CPU
		{89FA3E48-08C8-4FB6-9F32-76C34B3C0293}.Ad-Hoc|iPhoneSimulator.ActiveCfg = Release|Any CPU
		{89FA3E48-08C8-4FB6-9F32-76C34B3C0293}.Ad-Hoc|iPhoneSimulator.Build.0 = Release|Any CPU
		{89FA3E48-08C8-4FB6-9F32-76C34B3C0293}.Ad-Hoc|iPhoneSimulator.Deploy.0 = Release|Any CPU
		{89FA3E48-08C8-4FB6-9F32-76C34B3C0293}.Ad-Hoc|x64.ActiveCfg = Release|Any CPU
		{89FA3E48-08C8-4FB6-9F32-76C34B3C0293}.Ad-Hoc|x64.Build.0 = Release|Any CPU
		{89FA3E48-08C8-4FB6-9F32-76C34B3C0293}.Ad-Hoc|x64.Deploy.0 = Release|Any CPU
		{89FA3E48-08C8-4FB6-9F32-76C34B3C0293}.Ad-Hoc|x86.ActiveCfg = Release|Any CPU
		{89FA3E48-08C8-4FB6-9F32-76C34B3C0293}.Ad-Hoc|x86.Build.0 = Release|Any CPU
		{89FA3E48-08C8-4FB6-9F32-76C34B3C0293}.Ad-Hoc|x86.Deploy.0 = Release|Any CPU
		{89FA3E48-08C8-4FB6-9F32-76C34B3C0293}.AppStore|Any CPU.ActiveCfg = Release|Any CPU
		{89FA3E48-08C8-4FB6-9F32-76C34B3C0293}.AppStore|Any CPU.Build.0 = Release|Any CPU
		{89FA3E48-08C8-4FB6-9F32-76C34B3C0293}.AppStore|Any CPU.Deploy.0 = Release|Any CPU
		{89FA3E48-08C8-4FB6-9F32-76C34B3C0293}.AppStore|ARM.ActiveCfg = Release|Any CPU
		{89FA3E48-08C8-4FB6-9F32-76C34B3C0293}.AppStore|ARM.Build.0 = Release|Any CPU
		{89FA3E48-08C8-4FB6-9F32-76C34B3C0293}.AppStore|ARM.Deploy.0 = Release|Any CPU
		{89FA3E48-08C8-4FB6-9F32-76C34B3C0293}.AppStore|iPhone.ActiveCfg = Release|Any CPU
		{89FA3E48-08C8-4FB6-9F32-76C34B3C0293}.AppStore|iPhone.Build.0 = Release|Any CPU
		{89FA3E48-08C8-4FB6-9F32-76C34B3C0293}.AppStore|iPhone.Deploy.0 = Release|Any CPU
		{89FA3E48-08C8-4FB6-9F32-76C34B3C0293}.AppStore|iPhoneSimulator.ActiveCfg = Release|Any CPU
		{89FA3E48-08C8-4FB6-9F32-76C34B3C0293}.AppStore|iPhoneSimulator.Build.0 = Release|Any CPU
		{89FA3E48-08C8-4FB6-9F32-76C34B3C0293}.AppStore|iPhoneSimulator.Deploy.0 = Release|Any CPU
		{89FA3E48-08C8-4FB6-9F32-76C34B3C0293}.AppStore|x64.ActiveCfg = Release|Any CPU
		{89FA3E48-08C8-4FB6-9F32-76C34B3C0293}.AppStore|x64.Build.0 = Release|Any CPU
		{89FA3E48-08C8-4FB6-9F32-76C34B3C0293}.AppStore|x64.Deploy.0 = Release|Any CPU
		{89FA3E48-08C8-4FB6-9F32-76C34B3C0293}.AppStore|x86.ActiveCfg = Release|Any CPU
		{89FA3E48-08C8-4FB6-9F32-76C34B3C0293}.AppStore|x86.Build.0 = Release|Any CPU
		{89FA3E48-08C8-4FB6-9F32-76C34B3C0293}.AppStore|x86.Deploy.0 = Release|Any CPU
		{89FA3E48-08C8-4FB6-9F32-76C34B3C0293}.Debug|Any CPU.ActiveCfg = Debug|Any CPU
		{89FA3E48-08C8-4FB6-9F32-76C34B3C0293}.Debug|Any CPU.Build.0 = Debug|Any CPU
		{89FA3E48-08C8-4FB6-9F32-76C34B3C0293}.Debug|Any CPU.Deploy.0 = Debug|Any CPU
		{89FA3E48-08C8-4FB6-9F32-76C34B3C0293}.Debug|ARM.ActiveCfg = Debug|Any CPU
		{89FA3E48-08C8-4FB6-9F32-76C34B3C0293}.Debug|ARM.Build.0 = Debug|Any CPU
		{89FA3E48-08C8-4FB6-9F32-76C34B3C0293}.Debug|ARM.Deploy.0 = Debug|Any CPU
		{89FA3E48-08C8-4FB6-9F32-76C34B3C0293}.Debug|iPhone.ActiveCfg = Debug|Any CPU
		{89FA3E48-08C8-4FB6-9F32-76C34B3C0293}.Debug|iPhone.Build.0 = Debug|Any CPU
		{89FA3E48-08C8-4FB6-9F32-76C34B3C0293}.Debug|iPhone.Deploy.0 = Debug|Any CPU
		{89FA3E48-08C8-4FB6-9F32-76C34B3C0293}.Debug|iPhoneSimulator.ActiveCfg = Debug|Any CPU
		{89FA3E48-08C8-4FB6-9F32-76C34B3C0293}.Debug|iPhoneSimulator.Build.0 = Debug|Any CPU
		{89FA3E48-08C8-4FB6-9F32-76C34B3C0293}.Debug|iPhoneSimulator.Deploy.0 = Debug|Any CPU
		{89FA3E48-08C8-4FB6-9F32-76C34B3C0293}.Debug|x64.ActiveCfg = Debug|Any CPU
		{89FA3E48-08C8-4FB6-9F32-76C34B3C0293}.Debug|x64.Build.0 = Debug|Any CPU
		{89FA3E48-08C8-4FB6-9F32-76C34B3C0293}.Debug|x64.Deploy.0 = Debug|Any CPU
		{89FA3E48-08C8-4FB6-9F32-76C34B3C0293}.Debug|x86.ActiveCfg = Debug|Any CPU
		{89FA3E48-08C8-4FB6-9F32-76C34B3C0293}.Debug|x86.Build.0 = Debug|Any CPU
		{89FA3E48-08C8-4FB6-9F32-76C34B3C0293}.Debug|x86.Deploy.0 = Debug|Any CPU
		{89FA3E48-08C8-4FB6-9F32-76C34B3C0293}.Release|Any CPU.ActiveCfg = Release|Any CPU
		{89FA3E48-08C8-4FB6-9F32-76C34B3C0293}.Release|Any CPU.Build.0 = Release|Any CPU
		{89FA3E48-08C8-4FB6-9F32-76C34B3C0293}.Release|Any CPU.Deploy.0 = Release|Any CPU
		{89FA3E48-08C8-4FB6-9F32-76C34B3C0293}.Release|ARM.ActiveCfg = Release|Any CPU
		{89FA3E48-08C8-4FB6-9F32-76C34B3C0293}.Release|ARM.Build.0 = Release|Any CPU
		{89FA3E48-08C8-4FB6-9F32-76C34B3C0293}.Release|ARM.Deploy.0 = Release|Any CPU
		{89FA3E48-08C8-4FB6-9F32-76C34B3C0293}.Release|iPhone.ActiveCfg = Release|Any CPU
		{89FA3E48-08C8-4FB6-9F32-76C34B3C0293}.Release|iPhone.Build.0 = Release|Any CPU
		{89FA3E48-08C8-4FB6-9F32-76C34B3C0293}.Release|iPhone.Deploy.0 = Release|Any CPU
		{89FA3E48-08C8-4FB6-9F32-76C34B3C0293}.Release|iPhoneSimulator.ActiveCfg = Release|Any CPU
		{89FA3E48-08C8-4FB6-9F32-76C34B3C0293}.Release|iPhoneSimulator.Build.0 = Release|Any CPU
		{89FA3E48-08C8-4FB6-9F32-76C34B3C0293}.Release|iPhoneSimulator.Deploy.0 = Release|Any CPU
		{89FA3E48-08C8-4FB6-9F32-76C34B3C0293}.Release|x64.ActiveCfg = Release|Any CPU
		{89FA3E48-08C8-4FB6-9F32-76C34B3C0293}.Release|x64.Build.0 = Release|Any CPU
		{89FA3E48-08C8-4FB6-9F32-76C34B3C0293}.Release|x64.Deploy.0 = Release|Any CPU
		{89FA3E48-08C8-4FB6-9F32-76C34B3C0293}.Release|x86.ActiveCfg = Release|Any CPU
		{89FA3E48-08C8-4FB6-9F32-76C34B3C0293}.Release|x86.Build.0 = Release|Any CPU
		{89FA3E48-08C8-4FB6-9F32-76C34B3C0293}.Release|x86.Deploy.0 = Release|Any CPU
		{01D0BE18-EF76-4C4D-AC2B-41967BD3FFBE}.Ad-Hoc|Any CPU.ActiveCfg = Release|Any CPU
		{01D0BE18-EF76-4C4D-AC2B-41967BD3FFBE}.Ad-Hoc|Any CPU.Build.0 = Release|Any CPU
		{01D0BE18-EF76-4C4D-AC2B-41967BD3FFBE}.Ad-Hoc|ARM.ActiveCfg = Release|Any CPU
		{01D0BE18-EF76-4C4D-AC2B-41967BD3FFBE}.Ad-Hoc|ARM.Build.0 = Release|Any CPU
		{01D0BE18-EF76-4C4D-AC2B-41967BD3FFBE}.Ad-Hoc|iPhone.ActiveCfg = Release|Any CPU
		{01D0BE18-EF76-4C4D-AC2B-41967BD3FFBE}.Ad-Hoc|iPhone.Build.0 = Release|Any CPU
		{01D0BE18-EF76-4C4D-AC2B-41967BD3FFBE}.Ad-Hoc|iPhoneSimulator.ActiveCfg = Release|Any CPU
		{01D0BE18-EF76-4C4D-AC2B-41967BD3FFBE}.Ad-Hoc|iPhoneSimulator.Build.0 = Release|Any CPU
		{01D0BE18-EF76-4C4D-AC2B-41967BD3FFBE}.Ad-Hoc|x64.ActiveCfg = Release|Any CPU
		{01D0BE18-EF76-4C4D-AC2B-41967BD3FFBE}.Ad-Hoc|x64.Build.0 = Release|Any CPU
		{01D0BE18-EF76-4C4D-AC2B-41967BD3FFBE}.Ad-Hoc|x86.ActiveCfg = Release|Any CPU
		{01D0BE18-EF76-4C4D-AC2B-41967BD3FFBE}.Ad-Hoc|x86.Build.0 = Release|Any CPU
		{01D0BE18-EF76-4C4D-AC2B-41967BD3FFBE}.AppStore|Any CPU.ActiveCfg = Release|Any CPU
		{01D0BE18-EF76-4C4D-AC2B-41967BD3FFBE}.AppStore|Any CPU.Build.0 = Release|Any CPU
		{01D0BE18-EF76-4C4D-AC2B-41967BD3FFBE}.AppStore|ARM.ActiveCfg = Release|Any CPU
		{01D0BE18-EF76-4C4D-AC2B-41967BD3FFBE}.AppStore|ARM.Build.0 = Release|Any CPU
		{01D0BE18-EF76-4C4D-AC2B-41967BD3FFBE}.AppStore|iPhone.ActiveCfg = Release|Any CPU
		{01D0BE18-EF76-4C4D-AC2B-41967BD3FFBE}.AppStore|iPhone.Build.0 = Release|Any CPU
		{01D0BE18-EF76-4C4D-AC2B-41967BD3FFBE}.AppStore|iPhoneSimulator.ActiveCfg = Release|Any CPU
		{01D0BE18-EF76-4C4D-AC2B-41967BD3FFBE}.AppStore|iPhoneSimulator.Build.0 = Release|Any CPU
		{01D0BE18-EF76-4C4D-AC2B-41967BD3FFBE}.AppStore|x64.ActiveCfg = Release|Any CPU
		{01D0BE18-EF76-4C4D-AC2B-41967BD3FFBE}.AppStore|x64.Build.0 = Release|Any CPU
		{01D0BE18-EF76-4C4D-AC2B-41967BD3FFBE}.AppStore|x86.ActiveCfg = Release|Any CPU
		{01D0BE18-EF76-4C4D-AC2B-41967BD3FFBE}.AppStore|x86.Build.0 = Release|Any CPU
		{01D0BE18-EF76-4C4D-AC2B-41967BD3FFBE}.Debug|Any CPU.ActiveCfg = Debug|Any CPU
		{01D0BE18-EF76-4C4D-AC2B-41967BD3FFBE}.Debug|Any CPU.Build.0 = Debug|Any CPU
		{01D0BE18-EF76-4C4D-AC2B-41967BD3FFBE}.Debug|ARM.ActiveCfg = Debug|Any CPU
		{01D0BE18-EF76-4C4D-AC2B-41967BD3FFBE}.Debug|ARM.Build.0 = Debug|Any CPU
		{01D0BE18-EF76-4C4D-AC2B-41967BD3FFBE}.Debug|iPhone.ActiveCfg = Debug|Any CPU
		{01D0BE18-EF76-4C4D-AC2B-41967BD3FFBE}.Debug|iPhone.Build.0 = Debug|Any CPU
		{01D0BE18-EF76-4C4D-AC2B-41967BD3FFBE}.Debug|iPhoneSimulator.ActiveCfg = Debug|Any CPU
		{01D0BE18-EF76-4C4D-AC2B-41967BD3FFBE}.Debug|iPhoneSimulator.Build.0 = Debug|Any CPU
		{01D0BE18-EF76-4C4D-AC2B-41967BD3FFBE}.Debug|x64.ActiveCfg = Debug|Any CPU
		{01D0BE18-EF76-4C4D-AC2B-41967BD3FFBE}.Debug|x64.Build.0 = Debug|Any CPU
		{01D0BE18-EF76-4C4D-AC2B-41967BD3FFBE}.Debug|x86.ActiveCfg = Debug|Any CPU
		{01D0BE18-EF76-4C4D-AC2B-41967BD3FFBE}.Debug|x86.Build.0 = Debug|Any CPU
		{01D0BE18-EF76-4C4D-AC2B-41967BD3FFBE}.Release|Any CPU.ActiveCfg = Release|Any CPU
		{01D0BE18-EF76-4C4D-AC2B-41967BD3FFBE}.Release|Any CPU.Build.0 = Release|Any CPU
		{01D0BE18-EF76-4C4D-AC2B-41967BD3FFBE}.Release|ARM.ActiveCfg = Release|Any CPU
		{01D0BE18-EF76-4C4D-AC2B-41967BD3FFBE}.Release|ARM.Build.0 = Release|Any CPU
		{01D0BE18-EF76-4C4D-AC2B-41967BD3FFBE}.Release|iPhone.ActiveCfg = Release|Any CPU
		{01D0BE18-EF76-4C4D-AC2B-41967BD3FFBE}.Release|iPhone.Build.0 = Release|Any CPU
		{01D0BE18-EF76-4C4D-AC2B-41967BD3FFBE}.Release|iPhoneSimulator.ActiveCfg = Release|Any CPU
		{01D0BE18-EF76-4C4D-AC2B-41967BD3FFBE}.Release|iPhoneSimulator.Build.0 = Release|Any CPU
		{01D0BE18-EF76-4C4D-AC2B-41967BD3FFBE}.Release|x64.ActiveCfg = Release|Any CPU
		{01D0BE18-EF76-4C4D-AC2B-41967BD3FFBE}.Release|x64.Build.0 = Release|Any CPU
		{01D0BE18-EF76-4C4D-AC2B-41967BD3FFBE}.Release|x86.ActiveCfg = Release|Any CPU
		{01D0BE18-EF76-4C4D-AC2B-41967BD3FFBE}.Release|x86.Build.0 = Release|Any CPU
		{9592E3B2-094A-4068-A6E3-3D45984A5ECF}.Ad-Hoc|Any CPU.ActiveCfg = Release|x86
		{9592E3B2-094A-4068-A6E3-3D45984A5ECF}.Ad-Hoc|Any CPU.Build.0 = Release|x86
		{9592E3B2-094A-4068-A6E3-3D45984A5ECF}.Ad-Hoc|Any CPU.Deploy.0 = Release|x86
		{9592E3B2-094A-4068-A6E3-3D45984A5ECF}.Ad-Hoc|ARM.ActiveCfg = Release|ARM
		{9592E3B2-094A-4068-A6E3-3D45984A5ECF}.Ad-Hoc|ARM.Build.0 = Release|ARM
		{9592E3B2-094A-4068-A6E3-3D45984A5ECF}.Ad-Hoc|ARM.Deploy.0 = Release|ARM
		{9592E3B2-094A-4068-A6E3-3D45984A5ECF}.Ad-Hoc|iPhone.ActiveCfg = Release|x86
		{9592E3B2-094A-4068-A6E3-3D45984A5ECF}.Ad-Hoc|iPhone.Build.0 = Release|x86
		{9592E3B2-094A-4068-A6E3-3D45984A5ECF}.Ad-Hoc|iPhone.Deploy.0 = Release|x86
		{9592E3B2-094A-4068-A6E3-3D45984A5ECF}.Ad-Hoc|iPhoneSimulator.ActiveCfg = Release|x86
		{9592E3B2-094A-4068-A6E3-3D45984A5ECF}.Ad-Hoc|iPhoneSimulator.Build.0 = Release|x86
		{9592E3B2-094A-4068-A6E3-3D45984A5ECF}.Ad-Hoc|iPhoneSimulator.Deploy.0 = Release|x86
		{9592E3B2-094A-4068-A6E3-3D45984A5ECF}.Ad-Hoc|x64.ActiveCfg = Release|x64
		{9592E3B2-094A-4068-A6E3-3D45984A5ECF}.Ad-Hoc|x64.Build.0 = Release|x64
		{9592E3B2-094A-4068-A6E3-3D45984A5ECF}.Ad-Hoc|x64.Deploy.0 = Release|x64
		{9592E3B2-094A-4068-A6E3-3D45984A5ECF}.Ad-Hoc|x86.ActiveCfg = Release|x86
		{9592E3B2-094A-4068-A6E3-3D45984A5ECF}.Ad-Hoc|x86.Build.0 = Release|x86
		{9592E3B2-094A-4068-A6E3-3D45984A5ECF}.Ad-Hoc|x86.Deploy.0 = Release|x86
		{9592E3B2-094A-4068-A6E3-3D45984A5ECF}.AppStore|Any CPU.ActiveCfg = Release|x86
		{9592E3B2-094A-4068-A6E3-3D45984A5ECF}.AppStore|Any CPU.Build.0 = Release|x86
		{9592E3B2-094A-4068-A6E3-3D45984A5ECF}.AppStore|Any CPU.Deploy.0 = Release|x86
		{9592E3B2-094A-4068-A6E3-3D45984A5ECF}.AppStore|ARM.ActiveCfg = Release|ARM
		{9592E3B2-094A-4068-A6E3-3D45984A5ECF}.AppStore|ARM.Build.0 = Release|ARM
		{9592E3B2-094A-4068-A6E3-3D45984A5ECF}.AppStore|ARM.Deploy.0 = Release|ARM
		{9592E3B2-094A-4068-A6E3-3D45984A5ECF}.AppStore|iPhone.ActiveCfg = Release|x86
		{9592E3B2-094A-4068-A6E3-3D45984A5ECF}.AppStore|iPhone.Build.0 = Release|x86
		{9592E3B2-094A-4068-A6E3-3D45984A5ECF}.AppStore|iPhone.Deploy.0 = Release|x86
		{9592E3B2-094A-4068-A6E3-3D45984A5ECF}.AppStore|iPhoneSimulator.ActiveCfg = Release|x86
		{9592E3B2-094A-4068-A6E3-3D45984A5ECF}.AppStore|iPhoneSimulator.Build.0 = Release|x86
		{9592E3B2-094A-4068-A6E3-3D45984A5ECF}.AppStore|iPhoneSimulator.Deploy.0 = Release|x86
		{9592E3B2-094A-4068-A6E3-3D45984A5ECF}.AppStore|x64.ActiveCfg = Release|x64
		{9592E3B2-094A-4068-A6E3-3D45984A5ECF}.AppStore|x64.Build.0 = Release|x64
		{9592E3B2-094A-4068-A6E3-3D45984A5ECF}.AppStore|x64.Deploy.0 = Release|x64
		{9592E3B2-094A-4068-A6E3-3D45984A5ECF}.AppStore|x86.ActiveCfg = Release|x86
		{9592E3B2-094A-4068-A6E3-3D45984A5ECF}.AppStore|x86.Build.0 = Release|x86
		{9592E3B2-094A-4068-A6E3-3D45984A5ECF}.AppStore|x86.Deploy.0 = Release|x86
		{9592E3B2-094A-4068-A6E3-3D45984A5ECF}.Debug|Any CPU.ActiveCfg = Debug|x86
		{9592E3B2-094A-4068-A6E3-3D45984A5ECF}.Debug|ARM.ActiveCfg = Debug|ARM
		{9592E3B2-094A-4068-A6E3-3D45984A5ECF}.Debug|ARM.Build.0 = Debug|ARM
		{9592E3B2-094A-4068-A6E3-3D45984A5ECF}.Debug|ARM.Deploy.0 = Debug|ARM
		{9592E3B2-094A-4068-A6E3-3D45984A5ECF}.Debug|iPhone.ActiveCfg = Debug|x86
		{9592E3B2-094A-4068-A6E3-3D45984A5ECF}.Debug|iPhoneSimulator.ActiveCfg = Debug|x86
		{9592E3B2-094A-4068-A6E3-3D45984A5ECF}.Debug|x64.ActiveCfg = Debug|x64
		{9592E3B2-094A-4068-A6E3-3D45984A5ECF}.Debug|x64.Build.0 = Debug|x64
		{9592E3B2-094A-4068-A6E3-3D45984A5ECF}.Debug|x64.Deploy.0 = Debug|x64
		{9592E3B2-094A-4068-A6E3-3D45984A5ECF}.Debug|x86.ActiveCfg = Debug|x86
		{9592E3B2-094A-4068-A6E3-3D45984A5ECF}.Debug|x86.Build.0 = Debug|x86
		{9592E3B2-094A-4068-A6E3-3D45984A5ECF}.Debug|x86.Deploy.0 = Debug|x86
		{9592E3B2-094A-4068-A6E3-3D45984A5ECF}.Release|Any CPU.ActiveCfg = Release|x86
		{9592E3B2-094A-4068-A6E3-3D45984A5ECF}.Release|ARM.ActiveCfg = Release|ARM
		{9592E3B2-094A-4068-A6E3-3D45984A5ECF}.Release|ARM.Build.0 = Release|ARM
		{9592E3B2-094A-4068-A6E3-3D45984A5ECF}.Release|ARM.Deploy.0 = Release|ARM
		{9592E3B2-094A-4068-A6E3-3D45984A5ECF}.Release|iPhone.ActiveCfg = Release|x86
		{9592E3B2-094A-4068-A6E3-3D45984A5ECF}.Release|iPhoneSimulator.ActiveCfg = Release|x86
		{9592E3B2-094A-4068-A6E3-3D45984A5ECF}.Release|x64.ActiveCfg = Release|x64
		{9592E3B2-094A-4068-A6E3-3D45984A5ECF}.Release|x64.Build.0 = Release|x64
		{9592E3B2-094A-4068-A6E3-3D45984A5ECF}.Release|x64.Deploy.0 = Release|x64
		{9592E3B2-094A-4068-A6E3-3D45984A5ECF}.Release|x86.ActiveCfg = Release|x86
		{9592E3B2-094A-4068-A6E3-3D45984A5ECF}.Release|x86.Build.0 = Release|x86
		{9592E3B2-094A-4068-A6E3-3D45984A5ECF}.Release|x86.Deploy.0 = Release|x86
		{69148710-F090-4785-A152-04279735F4A7}.Ad-Hoc|Any CPU.ActiveCfg = Ad-Hoc|iPhone
		{69148710-F090-4785-A152-04279735F4A7}.Ad-Hoc|ARM.ActiveCfg = Ad-Hoc|iPhone
		{69148710-F090-4785-A152-04279735F4A7}.Ad-Hoc|iPhone.ActiveCfg = Ad-Hoc|iPhone
		{69148710-F090-4785-A152-04279735F4A7}.Ad-Hoc|iPhone.Build.0 = Ad-Hoc|iPhone
		{69148710-F090-4785-A152-04279735F4A7}.Ad-Hoc|iPhoneSimulator.ActiveCfg = Ad-Hoc|iPhoneSimulator
		{69148710-F090-4785-A152-04279735F4A7}.Ad-Hoc|iPhoneSimulator.Build.0 = Ad-Hoc|iPhoneSimulator
		{69148710-F090-4785-A152-04279735F4A7}.Ad-Hoc|x64.ActiveCfg = Ad-Hoc|iPhone
		{69148710-F090-4785-A152-04279735F4A7}.Ad-Hoc|x86.ActiveCfg = Ad-Hoc|iPhone
		{69148710-F090-4785-A152-04279735F4A7}.AppStore|Any CPU.ActiveCfg = AppStore|iPhone
		{69148710-F090-4785-A152-04279735F4A7}.AppStore|ARM.ActiveCfg = AppStore|iPhone
		{69148710-F090-4785-A152-04279735F4A7}.AppStore|iPhone.ActiveCfg = AppStore|iPhone
		{69148710-F090-4785-A152-04279735F4A7}.AppStore|iPhone.Build.0 = AppStore|iPhone
		{69148710-F090-4785-A152-04279735F4A7}.AppStore|iPhoneSimulator.ActiveCfg = AppStore|iPhoneSimulator
		{69148710-F090-4785-A152-04279735F4A7}.AppStore|iPhoneSimulator.Build.0 = AppStore|iPhoneSimulator
		{69148710-F090-4785-A152-04279735F4A7}.AppStore|x64.ActiveCfg = AppStore|iPhone
		{69148710-F090-4785-A152-04279735F4A7}.AppStore|x86.ActiveCfg = AppStore|iPhone
		{69148710-F090-4785-A152-04279735F4A7}.Debug|Any CPU.ActiveCfg = Debug|iPhone
		{69148710-F090-4785-A152-04279735F4A7}.Debug|ARM.ActiveCfg = Debug|iPhone
		{69148710-F090-4785-A152-04279735F4A7}.Debug|iPhone.ActiveCfg = Debug|iPhone
		{69148710-F090-4785-A152-04279735F4A7}.Debug|iPhone.Build.0 = Debug|iPhone
		{69148710-F090-4785-A152-04279735F4A7}.Debug|iPhoneSimulator.ActiveCfg = Debug|iPhoneSimulator
		{69148710-F090-4785-A152-04279735F4A7}.Debug|iPhoneSimulator.Build.0 = Debug|iPhoneSimulator
		{69148710-F090-4785-A152-04279735F4A7}.Debug|x64.ActiveCfg = Debug|iPhone
		{69148710-F090-4785-A152-04279735F4A7}.Debug|x86.ActiveCfg = Debug|iPhone
		{69148710-F090-4785-A152-04279735F4A7}.Release|Any CPU.ActiveCfg = Release|iPhone
		{69148710-F090-4785-A152-04279735F4A7}.Release|ARM.ActiveCfg = Release|iPhone
		{69148710-F090-4785-A152-04279735F4A7}.Release|iPhone.ActiveCfg = Release|iPhone
		{69148710-F090-4785-A152-04279735F4A7}.Release|iPhone.Build.0 = Release|iPhone
		{69148710-F090-4785-A152-04279735F4A7}.Release|iPhoneSimulator.ActiveCfg = Release|iPhoneSimulator
		{69148710-F090-4785-A152-04279735F4A7}.Release|iPhoneSimulator.Build.0 = Release|iPhoneSimulator
		{69148710-F090-4785-A152-04279735F4A7}.Release|x64.ActiveCfg = Release|iPhone
		{69148710-F090-4785-A152-04279735F4A7}.Release|x86.ActiveCfg = Release|iPhone
	EndGlobalSection
	GlobalSection(SolutionProperties) = preSolution
		HideSolutionNode = FALSE
	EndGlobalSection
	GlobalSection(ExtensibilityGlobals) = postSolution
		SolutionGuid = {0B8CF3C5-262C-42AF-8817-915E2D814060}
	EndGlobalSection
EndGlobal
