
Microsoft Visual Studio Solution File, Format Version 12.00
# Visual Studio 15
VisualStudioVersion = 15.0.26730.12
MinimumVisualStudioVersion = 10.0.40219.1
Project("{FAE04EC0-301F-11D3-BF4B-00C04F79EFBC}") = "XF.Mapas.Android", "XF.Mapas\XF.Mapas.Android\XF.Mapas.Android.csproj", "{96643165-761D-4C1C-8E8F-2CDFB5C21FDA}"
EndProject
Project("{FAE04EC0-301F-11D3-BF4B-00C04F79EFBC}") = "XF.Mapas", "XF.Mapas\XF.Mapas\XF.Mapas.csproj", "{FCA37EFF-4A9F-444A-AE60-CC5C86A8E4FC}"
EndProject
Project("{FAE04EC0-301F-11D3-BF4B-00C04F79EFBC}") = "XF.Mapas.UWP", "XF.Mapas\XF.Mapas.UWP\XF.Mapas.UWP.csproj", "{B6F9AFF3-6E89-4DE5-97B6-783B9AC2779C}"
EndProject
Project("{FAE04EC0-301F-11D3-BF4B-00C04F79EFBC}") = "XF.Mapas.iOS", "XF.Mapas\XF.Mapas.iOS\XF.Mapas.iOS.csproj", "{EE7B12CE-9E52-46D2-9172-80D0A38BA530}"
EndProject
Global
	GlobalSection(SolutionConfigurationPlatforms) = preSolution
		Ad-Hoc|Any CPU = Ad-Hoc|Any CPU
		Ad-Hoc|ARM = Ad-Hoc|ARM
		Ad-Hoc|iPhone = Ad-Hoc|iPhone
		Ad-Hoc|iPhoneSimulator = Ad-Hoc|iPhoneSimulator
		Ad-Hoc|x64 = Ad-Hoc|x64
		Ad-Hoc|x86 = Ad-Hoc|x86
		AppStore|Any CPU = AppStore|Any CPU
		AppStore|ARM = AppStore|ARM
		AppStore|iPhone = AppStore|iPhone
		AppStore|iPhoneSimulator = AppStore|iPhoneSimulator
		AppStore|x64 = AppStore|x64
		AppStore|x86 = AppStore|x86
		Debug|Any CPU = Debug|Any CPU
		Debug|ARM = Debug|ARM
		Debug|iPhone = Debug|iPhone
		Debug|iPhoneSimulator = Debug|iPhoneSimulator
		Debug|x64 = Debug|x64
		Debug|x86 = Debug|x86
		Release|Any CPU = Release|Any CPU
		Release|ARM = Release|ARM
		Release|iPhone = Release|iPhone
		Release|iPhoneSimulator = Release|iPhoneSimulator
		Release|x64 = Release|x64
		Release|x86 = Release|x86
	EndGlobalSection
	GlobalSection(ProjectConfigurationPlatforms) = postSolution
		{96643165-761D-4C1C-8E8F-2CDFB5C21FDA}.Ad-Hoc|Any CPU.ActiveCfg = Release|Any CPU
		{96643165-761D-4C1C-8E8F-2CDFB5C21FDA}.Ad-Hoc|Any CPU.Build.0 = Release|Any CPU
		{96643165-761D-4C1C-8E8F-2CDFB5C21FDA}.Ad-Hoc|Any CPU.Deploy.0 = Release|Any CPU
		{96643165-761D-4C1C-8E8F-2CDFB5C21FDA}.Ad-Hoc|ARM.ActiveCfg = Release|Any CPU
		{96643165-761D-4C1C-8E8F-2CDFB5C21FDA}.Ad-Hoc|ARM.Build.0 = Release|Any CPU
		{96643165-761D-4C1C-8E8F-2CDFB5C21FDA}.Ad-Hoc|ARM.Deploy.0 = Release|Any CPU
		{96643165-761D-4C1C-8E8F-2CDFB5C21FDA}.Ad-Hoc|iPhone.ActiveCfg = Release|Any CPU
		{96643165-761D-4C1C-8E8F-2CDFB5C21FDA}.Ad-Hoc|iPhone.Build.0 = Release|Any CPU
		{96643165-761D-4C1C-8E8F-2CDFB5C21FDA}.Ad-Hoc|iPhone.Deploy.0 = Release|Any CPU
		{96643165-761D-4C1C-8E8F-2CDFB5C21FDA}.Ad-Hoc|iPhoneSimulator.ActiveCfg = Release|Any CPU
		{96643165-761D-4C1C-8E8F-2CDFB5C21FDA}.Ad-Hoc|iPhoneSimulator.Build.0 = Release|Any CPU
		{96643165-761D-4C1C-8E8F-2CDFB5C21FDA}.Ad-Hoc|iPhoneSimulator.Deploy.0 = Release|Any CPU
		{96643165-761D-4C1C-8E8F-2CDFB5C21FDA}.Ad-Hoc|x64.ActiveCfg = Release|Any CPU
		{96643165-761D-4C1C-8E8F-2CDFB5C21FDA}.Ad-Hoc|x64.Build.0 = Release|Any CPU
		{96643165-761D-4C1C-8E8F-2CDFB5C21FDA}.Ad-Hoc|x64.Deploy.0 = Release|Any CPU
		{96643165-761D-4C1C-8E8F-2CDFB5C21FDA}.Ad-Hoc|x86.ActiveCfg = Release|Any CPU
		{96643165-761D-4C1C-8E8F-2CDFB5C21FDA}.Ad-Hoc|x86.Build.0 = Release|Any CPU
		{96643165-761D-4C1C-8E8F-2CDFB5C21FDA}.Ad-Hoc|x86.Deploy.0 = Release|Any CPU
		{96643165-761D-4C1C-8E8F-2CDFB5C21FDA}.AppStore|Any CPU.ActiveCfg = Release|Any CPU
		{96643165-761D-4C1C-8E8F-2CDFB5C21FDA}.AppStore|Any CPU.Build.0 = Release|Any CPU
		{96643165-761D-4C1C-8E8F-2CDFB5C21FDA}.AppStore|Any CPU.Deploy.0 = Release|Any CPU
		{96643165-761D-4C1C-8E8F-2CDFB5C21FDA}.AppStore|ARM.ActiveCfg = Release|Any CPU
		{96643165-761D-4C1C-8E8F-2CDFB5C21FDA}.AppStore|ARM.Build.0 = Release|Any CPU
		{96643165-761D-4C1C-8E8F-2CDFB5C21FDA}.AppStore|ARM.Deploy.0 = Release|Any CPU
		{96643165-761D-4C1C-8E8F-2CDFB5C21FDA}.AppStore|iPhone.ActiveCfg = Release|Any CPU
		{96643165-761D-4C1C-8E8F-2CDFB5C21FDA}.AppStore|iPhone.Build.0 = Release|Any CPU
		{96643165-761D-4C1C-8E8F-2CDFB5C21FDA}.AppStore|iPhone.Deploy.0 = Release|Any CPU
		{96643165-761D-4C1C-8E8F-2CDFB5C21FDA}.AppStore|iPhoneSimulator.ActiveCfg = Release|Any CPU
		{96643165-761D-4C1C-8E8F-2CDFB5C21FDA}.AppStore|iPhoneSimulator.Build.0 = Release|Any CPU
		{96643165-761D-4C1C-8E8F-2CDFB5C21FDA}.AppStore|iPhoneSimulator.Deploy.0 = Release|Any CPU
		{96643165-761D-4C1C-8E8F-2CDFB5C21FDA}.AppStore|x64.ActiveCfg = Release|Any CPU
		{96643165-761D-4C1C-8E8F-2CDFB5C21FDA}.AppStore|x64.Build.0 = Release|Any CPU
		{96643165-761D-4C1C-8E8F-2CDFB5C21FDA}.AppStore|x64.Deploy.0 = Release|Any CPU
		{96643165-761D-4C1C-8E8F-2CDFB5C21FDA}.AppStore|x86.ActiveCfg = Release|Any CPU
		{96643165-761D-4C1C-8E8F-2CDFB5C21FDA}.AppStore|x86.Build.0 = Release|Any CPU
		{96643165-761D-4C1C-8E8F-2CDFB5C21FDA}.AppStore|x86.Deploy.0 = Release|Any CPU
		{96643165-761D-4C1C-8E8F-2CDFB5C21FDA}.Debug|Any CPU.ActiveCfg = Debug|Any CPU
		{96643165-761D-4C1C-8E8F-2CDFB5C21FDA}.Debug|Any CPU.Build.0 = Debug|Any CPU
		{96643165-761D-4C1C-8E8F-2CDFB5C21FDA}.Debug|Any CPU.Deploy.0 = Debug|Any CPU
		{96643165-761D-4C1C-8E8F-2CDFB5C21FDA}.Debug|ARM.ActiveCfg = Debug|Any CPU
		{96643165-761D-4C1C-8E8F-2CDFB5C21FDA}.Debug|ARM.Build.0 = Debug|Any CPU
		{96643165-761D-4C1C-8E8F-2CDFB5C21FDA}.Debug|ARM.Deploy.0 = Debug|Any CPU
		{96643165-761D-4C1C-8E8F-2CDFB5C21FDA}.Debug|iPhone.ActiveCfg = Debug|Any CPU
		{96643165-761D-4C1C-8E8F-2CDFB5C21FDA}.Debug|iPhone.Build.0 = Debug|Any CPU
		{96643165-761D-4C1C-8E8F-2CDFB5C21FDA}.Debug|iPhone.Deploy.0 = Debug|Any CPU
		{96643165-761D-4C1C-8E8F-2CDFB5C21FDA}.Debug|iPhoneSimulator.ActiveCfg = Debug|Any CPU
		{96643165-761D-4C1C-8E8F-2CDFB5C21FDA}.Debug|iPhoneSimulator.Build.0 = Debug|Any CPU
		{96643165-761D-4C1C-8E8F-2CDFB5C21FDA}.Debug|iPhoneSimulator.Deploy.0 = Debug|Any CPU
		{96643165-761D-4C1C-8E8F-2CDFB5C21FDA}.Debug|x64.ActiveCfg = Debug|Any CPU
		{96643165-761D-4C1C-8E8F-2CDFB5C21FDA}.Debug|x64.Build.0 = Debug|Any CPU
		{96643165-761D-4C1C-8E8F-2CDFB5C21FDA}.Debug|x64.Deploy.0 = Debug|Any CPU
		{96643165-761D-4C1C-8E8F-2CDFB5C21FDA}.Debug|x86.ActiveCfg = Debug|Any CPU
		{96643165-761D-4C1C-8E8F-2CDFB5C21FDA}.Debug|x86.Build.0 = Debug|Any CPU
		{96643165-761D-4C1C-8E8F-2CDFB5C21FDA}.Debug|x86.Deploy.0 = Debug|Any CPU
		{96643165-761D-4C1C-8E8F-2CDFB5C21FDA}.Release|Any CPU.ActiveCfg = Release|Any CPU
		{96643165-761D-4C1C-8E8F-2CDFB5C21FDA}.Release|Any CPU.Build.0 = Release|Any CPU
		{96643165-761D-4C1C-8E8F-2CDFB5C21FDA}.Release|Any CPU.Deploy.0 = Release|Any CPU
		{96643165-761D-4C1C-8E8F-2CDFB5C21FDA}.Release|ARM.ActiveCfg = Release|Any CPU
		{96643165-761D-4C1C-8E8F-2CDFB5C21FDA}.Release|ARM.Build.0 = Release|Any CPU
		{96643165-761D-4C1C-8E8F-2CDFB5C21FDA}.Release|ARM.Deploy.0 = Release|Any CPU
		{96643165-761D-4C1C-8E8F-2CDFB5C21FDA}.Release|iPhone.ActiveCfg = Release|Any CPU
		{96643165-761D-4C1C-8E8F-2CDFB5C21FDA}.Release|iPhone.Build.0 = Release|Any CPU
		{96643165-761D-4C1C-8E8F-2CDFB5C21FDA}.Release|iPhone.Deploy.0 = Release|Any CPU
		{96643165-761D-4C1C-8E8F-2CDFB5C21FDA}.Release|iPhoneSimulator.ActiveCfg = Release|Any CPU
		{96643165-761D-4C1C-8E8F-2CDFB5C21FDA}.Release|iPhoneSimulator.Build.0 = Release|Any CPU
		{96643165-761D-4C1C-8E8F-2CDFB5C21FDA}.Release|iPhoneSimulator.Deploy.0 = Release|Any CPU
		{96643165-761D-4C1C-8E8F-2CDFB5C21FDA}.Release|x64.ActiveCfg = Release|Any CPU
		{96643165-761D-4C1C-8E8F-2CDFB5C21FDA}.Release|x64.Build.0 = Release|Any CPU
		{96643165-761D-4C1C-8E8F-2CDFB5C21FDA}.Release|x64.Deploy.0 = Release|Any CPU
		{96643165-761D-4C1C-8E8F-2CDFB5C21FDA}.Release|x86.ActiveCfg = Release|Any CPU
		{96643165-761D-4C1C-8E8F-2CDFB5C21FDA}.Release|x86.Build.0 = Release|Any CPU
		{96643165-761D-4C1C-8E8F-2CDFB5C21FDA}.Release|x86.Deploy.0 = Release|Any CPU
		{FCA37EFF-4A9F-444A-AE60-CC5C86A8E4FC}.Ad-Hoc|Any CPU.ActiveCfg = Release|Any CPU
		{FCA37EFF-4A9F-444A-AE60-CC5C86A8E4FC}.Ad-Hoc|Any CPU.Build.0 = Release|Any CPU
		{FCA37EFF-4A9F-444A-AE60-CC5C86A8E4FC}.Ad-Hoc|ARM.ActiveCfg = Release|Any CPU
		{FCA37EFF-4A9F-444A-AE60-CC5C86A8E4FC}.Ad-Hoc|ARM.Build.0 = Release|Any CPU
		{FCA37EFF-4A9F-444A-AE60-CC5C86A8E4FC}.Ad-Hoc|iPhone.ActiveCfg = Release|Any CPU
		{FCA37EFF-4A9F-444A-AE60-CC5C86A8E4FC}.Ad-Hoc|iPhone.Build.0 = Release|Any CPU
		{FCA37EFF-4A9F-444A-AE60-CC5C86A8E4FC}.Ad-Hoc|iPhoneSimulator.ActiveCfg = Release|Any CPU
		{FCA37EFF-4A9F-444A-AE60-CC5C86A8E4FC}.Ad-Hoc|iPhoneSimulator.Build.0 = Release|Any CPU
		{FCA37EFF-4A9F-444A-AE60-CC5C86A8E4FC}.Ad-Hoc|x64.ActiveCfg = Release|Any CPU
		{FCA37EFF-4A9F-444A-AE60-CC5C86A8E4FC}.Ad-Hoc|x64.Build.0 = Release|Any CPU
		{FCA37EFF-4A9F-444A-AE60-CC5C86A8E4FC}.Ad-Hoc|x86.ActiveCfg = Release|Any CPU
		{FCA37EFF-4A9F-444A-AE60-CC5C86A8E4FC}.Ad-Hoc|x86.Build.0 = Release|Any CPU
		{FCA37EFF-4A9F-444A-AE60-CC5C86A8E4FC}.AppStore|Any CPU.ActiveCfg = Release|Any CPU
		{FCA37EFF-4A9F-444A-AE60-CC5C86A8E4FC}.AppStore|Any CPU.Build.0 = Release|Any CPU
		{FCA37EFF-4A9F-444A-AE60-CC5C86A8E4FC}.AppStore|ARM.ActiveCfg = Release|Any CPU
		{FCA37EFF-4A9F-444A-AE60-CC5C86A8E4FC}.AppStore|ARM.Build.0 = Release|Any CPU
		{FCA37EFF-4A9F-444A-AE60-CC5C86A8E4FC}.AppStore|iPhone.ActiveCfg = Release|Any CPU
		{FCA37EFF-4A9F-444A-AE60-CC5C86A8E4FC}.AppStore|iPhone.Build.0 = Release|Any CPU
		{FCA37EFF-4A9F-444A-AE60-CC5C86A8E4FC}.AppStore|iPhoneSimulator.ActiveCfg = Release|Any CPU
		{FCA37EFF-4A9F-444A-AE60-CC5C86A8E4FC}.AppStore|iPhoneSimulator.Build.0 = Release|Any CPU
		{FCA37EFF-4A9F-444A-AE60-CC5C86A8E4FC}.AppStore|x64.ActiveCfg = Release|Any CPU
		{FCA37EFF-4A9F-444A-AE60-CC5C86A8E4FC}.AppStore|x64.Build.0 = Release|Any CPU
		{FCA37EFF-4A9F-444A-AE60-CC5C86A8E4FC}.AppStore|x86.ActiveCfg = Release|Any CPU
		{FCA37EFF-4A9F-444A-AE60-CC5C86A8E4FC}.AppStore|x86.Build.0 = Release|Any CPU
		{FCA37EFF-4A9F-444A-AE60-CC5C86A8E4FC}.Debug|Any CPU.ActiveCfg = Debug|Any CPU
		{FCA37EFF-4A9F-444A-AE60-CC5C86A8E4FC}.Debug|Any CPU.Build.0 = Debug|Any CPU
		{FCA37EFF-4A9F-444A-AE60-CC5C86A8E4FC}.Debug|ARM.ActiveCfg = Debug|Any CPU
		{FCA37EFF-4A9F-444A-AE60-CC5C86A8E4FC}.Debug|ARM.Build.0 = Debug|Any CPU
		{FCA37EFF-4A9F-444A-AE60-CC5C86A8E4FC}.Debug|iPhone.ActiveCfg = Debug|Any CPU
		{FCA37EFF-4A9F-444A-AE60-CC5C86A8E4FC}.Debug|iPhone.Build.0 = Debug|Any CPU
		{FCA37EFF-4A9F-444A-AE60-CC5C86A8E4FC}.Debug|iPhoneSimulator.ActiveCfg = Debug|Any CPU
		{FCA37EFF-4A9F-444A-AE60-CC5C86A8E4FC}.Debug|iPhoneSimulator.Build.0 = Debug|Any CPU
		{FCA37EFF-4A9F-444A-AE60-CC5C86A8E4FC}.Debug|x64.ActiveCfg = Debug|Any CPU
		{FCA37EFF-4A9F-444A-AE60-CC5C86A8E4FC}.Debug|x64.Build.0 = Debug|Any CPU
		{FCA37EFF-4A9F-444A-AE60-CC5C86A8E4FC}.Debug|x86.ActiveCfg = Debug|Any CPU
		{FCA37EFF-4A9F-444A-AE60-CC5C86A8E4FC}.Debug|x86.Build.0 = Debug|Any CPU
		{FCA37EFF-4A9F-444A-AE60-CC5C86A8E4FC}.Release|Any CPU.ActiveCfg = Release|Any CPU
		{FCA37EFF-4A9F-444A-AE60-CC5C86A8E4FC}.Release|Any CPU.Build.0 = Release|Any CPU
		{FCA37EFF-4A9F-444A-AE60-CC5C86A8E4FC}.Release|ARM.ActiveCfg = Release|Any CPU
		{FCA37EFF-4A9F-444A-AE60-CC5C86A8E4FC}.Release|ARM.Build.0 = Release|Any CPU
		{FCA37EFF-4A9F-444A-AE60-CC5C86A8E4FC}.Release|iPhone.ActiveCfg = Release|Any CPU
		{FCA37EFF-4A9F-444A-AE60-CC5C86A8E4FC}.Release|iPhone.Build.0 = Release|Any CPU
		{FCA37EFF-4A9F-444A-AE60-CC5C86A8E4FC}.Release|iPhoneSimulator.ActiveCfg = Release|Any CPU
		{FCA37EFF-4A9F-444A-AE60-CC5C86A8E4FC}.Release|iPhoneSimulator.Build.0 = Release|Any CPU
		{FCA37EFF-4A9F-444A-AE60-CC5C86A8E4FC}.Release|x64.ActiveCfg = Release|Any CPU
		{FCA37EFF-4A9F-444A-AE60-CC5C86A8E4FC}.Release|x64.Build.0 = Release|Any CPU
		{FCA37EFF-4A9F-444A-AE60-CC5C86A8E4FC}.Release|x86.ActiveCfg = Release|Any CPU
		{FCA37EFF-4A9F-444A-AE60-CC5C86A8E4FC}.Release|x86.Build.0 = Release|Any CPU
		{B6F9AFF3-6E89-4DE5-97B6-783B9AC2779C}.Ad-Hoc|Any CPU.ActiveCfg = Release|x86
		{B6F9AFF3-6E89-4DE5-97B6-783B9AC2779C}.Ad-Hoc|Any CPU.Build.0 = Release|x86
		{B6F9AFF3-6E89-4DE5-97B6-783B9AC2779C}.Ad-Hoc|Any CPU.Deploy.0 = Release|x86
		{B6F9AFF3-6E89-4DE5-97B6-783B9AC2779C}.Ad-Hoc|ARM.ActiveCfg = Release|ARM
		{B6F9AFF3-6E89-4DE5-97B6-783B9AC2779C}.Ad-Hoc|ARM.Build.0 = Release|ARM
		{B6F9AFF3-6E89-4DE5-97B6-783B9AC2779C}.Ad-Hoc|ARM.Deploy.0 = Release|ARM
		{B6F9AFF3-6E89-4DE5-97B6-783B9AC2779C}.Ad-Hoc|iPhone.ActiveCfg = Release|x86
		{B6F9AFF3-6E89-4DE5-97B6-783B9AC2779C}.Ad-Hoc|iPhone.Build.0 = Release|x86
		{B6F9AFF3-6E89-4DE5-97B6-783B9AC2779C}.Ad-Hoc|iPhone.Deploy.0 = Release|x86
		{B6F9AFF3-6E89-4DE5-97B6-783B9AC2779C}.Ad-Hoc|iPhoneSimulator.ActiveCfg = Release|x86
		{B6F9AFF3-6E89-4DE5-97B6-783B9AC2779C}.Ad-Hoc|iPhoneSimulator.Build.0 = Release|x86
		{B6F9AFF3-6E89-4DE5-97B6-783B9AC2779C}.Ad-Hoc|iPhoneSimulator.Deploy.0 = Release|x86
		{B6F9AFF3-6E89-4DE5-97B6-783B9AC2779C}.Ad-Hoc|x64.ActiveCfg = Release|x64
		{B6F9AFF3-6E89-4DE5-97B6-783B9AC2779C}.Ad-Hoc|x64.Build.0 = Release|x64
		{B6F9AFF3-6E89-4DE5-97B6-783B9AC2779C}.Ad-Hoc|x64.Deploy.0 = Release|x64
		{B6F9AFF3-6E89-4DE5-97B6-783B9AC2779C}.Ad-Hoc|x86.ActiveCfg = Release|x86
		{B6F9AFF3-6E89-4DE5-97B6-783B9AC2779C}.Ad-Hoc|x86.Build.0 = Release|x86
		{B6F9AFF3-6E89-4DE5-97B6-783B9AC2779C}.Ad-Hoc|x86.Deploy.0 = Release|x86
		{B6F9AFF3-6E89-4DE5-97B6-783B9AC2779C}.AppStore|Any CPU.ActiveCfg = Release|x86
		{B6F9AFF3-6E89-4DE5-97B6-783B9AC2779C}.AppStore|Any CPU.Build.0 = Release|x86
		{B6F9AFF3-6E89-4DE5-97B6-783B9AC2779C}.AppStore|Any CPU.Deploy.0 = Release|x86
		{B6F9AFF3-6E89-4DE5-97B6-783B9AC2779C}.AppStore|ARM.ActiveCfg = Release|ARM
		{B6F9AFF3-6E89-4DE5-97B6-783B9AC2779C}.AppStore|ARM.Build.0 = Release|ARM
		{B6F9AFF3-6E89-4DE5-97B6-783B9AC2779C}.AppStore|ARM.Deploy.0 = Release|ARM
		{B6F9AFF3-6E89-4DE5-97B6-783B9AC2779C}.AppStore|iPhone.ActiveCfg = Release|x86
		{B6F9AFF3-6E89-4DE5-97B6-783B9AC2779C}.AppStore|iPhone.Build.0 = Release|x86
		{B6F9AFF3-6E89-4DE5-97B6-783B9AC2779C}.AppStore|iPhone.Deploy.0 = Release|x86
		{B6F9AFF3-6E89-4DE5-97B6-783B9AC2779C}.AppStore|iPhoneSimulator.ActiveCfg = Release|x86
		{B6F9AFF3-6E89-4DE5-97B6-783B9AC2779C}.AppStore|iPhoneSimulator.Build.0 = Release|x86
		{B6F9AFF3-6E89-4DE5-97B6-783B9AC2779C}.AppStore|iPhoneSimulator.Deploy.0 = Release|x86
		{B6F9AFF3-6E89-4DE5-97B6-783B9AC2779C}.AppStore|x64.ActiveCfg = Release|x64
		{B6F9AFF3-6E89-4DE5-97B6-783B9AC2779C}.AppStore|x64.Build.0 = Release|x64
		{B6F9AFF3-6E89-4DE5-97B6-783B9AC2779C}.AppStore|x64.Deploy.0 = Release|x64
		{B6F9AFF3-6E89-4DE5-97B6-783B9AC2779C}.AppStore|x86.ActiveCfg = Release|x86
		{B6F9AFF3-6E89-4DE5-97B6-783B9AC2779C}.AppStore|x86.Build.0 = Release|x86
		{B6F9AFF3-6E89-4DE5-97B6-783B9AC2779C}.AppStore|x86.Deploy.0 = Release|x86
		{B6F9AFF3-6E89-4DE5-97B6-783B9AC2779C}.Debug|Any CPU.ActiveCfg = Debug|x86
		{B6F9AFF3-6E89-4DE5-97B6-783B9AC2779C}.Debug|ARM.ActiveCfg = Debug|ARM
		{B6F9AFF3-6E89-4DE5-97B6-783B9AC2779C}.Debug|ARM.Build.0 = Debug|ARM
		{B6F9AFF3-6E89-4DE5-97B6-783B9AC2779C}.Debug|ARM.Deploy.0 = Debug|ARM
		{B6F9AFF3-6E89-4DE5-97B6-783B9AC2779C}.Debug|iPhone.ActiveCfg = Debug|x86
		{B6F9AFF3-6E89-4DE5-97B6-783B9AC2779C}.Debug|iPhoneSimulator.ActiveCfg = Debug|x86
		{B6F9AFF3-6E89-4DE5-97B6-783B9AC2779C}.Debug|x64.ActiveCfg = Debug|x64
		{B6F9AFF3-6E89-4DE5-97B6-783B9AC2779C}.Debug|x64.Build.0 = Debug|x64
		{B6F9AFF3-6E89-4DE5-97B6-783B9AC2779C}.Debug|x64.Deploy.0 = Debug|x64
		{B6F9AFF3-6E89-4DE5-97B6-783B9AC2779C}.Debug|x86.ActiveCfg = Debug|x86
		{B6F9AFF3-6E89-4DE5-97B6-783B9AC2779C}.Debug|x86.Build.0 = Debug|x86
		{B6F9AFF3-6E89-4DE5-97B6-783B9AC2779C}.Debug|x86.Deploy.0 = Debug|x86
		{B6F9AFF3-6E89-4DE5-97B6-783B9AC2779C}.Release|Any CPU.ActiveCfg = Release|x86
		{B6F9AFF3-6E89-4DE5-97B6-783B9AC2779C}.Release|ARM.ActiveCfg = Release|ARM
		{B6F9AFF3-6E89-4DE5-97B6-783B9AC2779C}.Release|ARM.Build.0 = Release|ARM
		{B6F9AFF3-6E89-4DE5-97B6-783B9AC2779C}.Release|ARM.Deploy.0 = Release|ARM
		{B6F9AFF3-6E89-4DE5-97B6-783B9AC2779C}.Release|iPhone.ActiveCfg = Release|x86
		{B6F9AFF3-6E89-4DE5-97B6-783B9AC2779C}.Release|iPhoneSimulator.ActiveCfg = Release|x86
		{B6F9AFF3-6E89-4DE5-97B6-783B9AC2779C}.Release|x64.ActiveCfg = Release|x64
		{B6F9AFF3-6E89-4DE5-97B6-783B9AC2779C}.Release|x64.Build.0 = Release|x64
		{B6F9AFF3-6E89-4DE5-97B6-783B9AC2779C}.Release|x64.Deploy.0 = Release|x64
		{B6F9AFF3-6E89-4DE5-97B6-783B9AC2779C}.Release|x86.ActiveCfg = Release|x86
		{B6F9AFF3-6E89-4DE5-97B6-783B9AC2779C}.Release|x86.Build.0 = Release|x86
		{B6F9AFF3-6E89-4DE5-97B6-783B9AC2779C}.Release|x86.Deploy.0 = Release|x86
		{EE7B12CE-9E52-46D2-9172-80D0A38BA530}.Ad-Hoc|Any CPU.ActiveCfg = Ad-Hoc|iPhone
		{EE7B12CE-9E52-46D2-9172-80D0A38BA530}.Ad-Hoc|ARM.ActiveCfg = Ad-Hoc|iPhone
		{EE7B12CE-9E52-46D2-9172-80D0A38BA530}.Ad-Hoc|iPhone.ActiveCfg = Ad-Hoc|iPhone
		{EE7B12CE-9E52-46D2-9172-80D0A38BA530}.Ad-Hoc|iPhone.Build.0 = Ad-Hoc|iPhone
		{EE7B12CE-9E52-46D2-9172-80D0A38BA530}.Ad-Hoc|iPhoneSimulator.ActiveCfg = Ad-Hoc|iPhoneSimulator
		{EE7B12CE-9E52-46D2-9172-80D0A38BA530}.Ad-Hoc|iPhoneSimulator.Build.0 = Ad-Hoc|iPhoneSimulator
		{EE7B12CE-9E52-46D2-9172-80D0A38BA530}.Ad-Hoc|x64.ActiveCfg = Ad-Hoc|iPhone
		{EE7B12CE-9E52-46D2-9172-80D0A38BA530}.Ad-Hoc|x86.ActiveCfg = Ad-Hoc|iPhone
		{EE7B12CE-9E52-46D2-9172-80D0A38BA530}.AppStore|Any CPU.ActiveCfg = AppStore|iPhone
		{EE7B12CE-9E52-46D2-9172-80D0A38BA530}.AppStore|ARM.ActiveCfg = AppStore|iPhone
		{EE7B12CE-9E52-46D2-9172-80D0A38BA530}.AppStore|iPhone.ActiveCfg = AppStore|iPhone
		{EE7B12CE-9E52-46D2-9172-80D0A38BA530}.AppStore|iPhone.Build.0 = AppStore|iPhone
		{EE7B12CE-9E52-46D2-9172-80D0A38BA530}.AppStore|iPhoneSimulator.ActiveCfg = AppStore|iPhoneSimulator
		{EE7B12CE-9E52-46D2-9172-80D0A38BA530}.AppStore|iPhoneSimulator.Build.0 = AppStore|iPhoneSimulator
		{EE7B12CE-9E52-46D2-9172-80D0A38BA530}.AppStore|x64.ActiveCfg = AppStore|iPhone
		{EE7B12CE-9E52-46D2-9172-80D0A38BA530}.AppStore|x86.ActiveCfg = AppStore|iPhone
		{EE7B12CE-9E52-46D2-9172-80D0A38BA530}.Debug|Any CPU.ActiveCfg = Debug|iPhone
		{EE7B12CE-9E52-46D2-9172-80D0A38BA530}.Debug|ARM.ActiveCfg = Debug|iPhone
		{EE7B12CE-9E52-46D2-9172-80D0A38BA530}.Debug|iPhone.ActiveCfg = Debug|iPhone
		{EE7B12CE-9E52-46D2-9172-80D0A38BA530}.Debug|iPhone.Build.0 = Debug|iPhone
		{EE7B12CE-9E52-46D2-9172-80D0A38BA530}.Debug|iPhoneSimulator.ActiveCfg = Debug|iPhoneSimulator
		{EE7B12CE-9E52-46D2-9172-80D0A38BA530}.Debug|iPhoneSimulator.Build.0 = Debug|iPhoneSimulator
		{EE7B12CE-9E52-46D2-9172-80D0A38BA530}.Debug|x64.ActiveCfg = Debug|iPhone
		{EE7B12CE-9E52-46D2-9172-80D0A38BA530}.Debug|x86.ActiveCfg = Debug|iPhone
		{EE7B12CE-9E52-46D2-9172-80D0A38BA530}.Release|Any CPU.ActiveCfg = Release|iPhone
		{EE7B12CE-9E52-46D2-9172-80D0A38BA530}.Release|ARM.ActiveCfg = Release|iPhone
		{EE7B12CE-9E52-46D2-9172-80D0A38BA530}.Release|iPhone.ActiveCfg = Release|iPhone
		{EE7B12CE-9E52-46D2-9172-80D0A38BA530}.Release|iPhone.Build.0 = Release|iPhone
		{EE7B12CE-9E52-46D2-9172-80D0A38BA530}.Release|iPhoneSimulator.ActiveCfg = Release|iPhoneSimulator
		{EE7B12CE-9E52-46D2-9172-80D0A38BA530}.Release|iPhoneSimulator.Build.0 = Release|iPhoneSimulator
		{EE7B12CE-9E52-46D2-9172-80D0A38BA530}.Release|x64.ActiveCfg = Release|iPhone
		{EE7B12CE-9E52-46D2-9172-80D0A38BA530}.Release|x86.ActiveCfg = Release|iPhone
	EndGlobalSection
	GlobalSection(SolutionProperties) = preSolution
		HideSolutionNode = FALSE
	EndGlobalSection
	GlobalSection(ExtensibilityGlobals) = postSolution
		SolutionGuid = {157E229C-DCB3-4445-9595-E618D746F949}
	EndGlobalSection
EndGlobal
